{
  "name": "jspdd",
  "version": "1.0.1",
  "lockfileVersion": 1,
  "requires": true,
  "dependencies": {
    "deep-diff": {
      "version": "1.0.1",
      "resolved": "https://registry.npmjs.org/deep-diff/-/deep-diff-1.0.1.tgz",
      "integrity": "sha512-Vkn+eQK6H63gObVi3KWmPMb4RdzMpfdp5t0HNppq8Oc7xbwmvBy5BIHsEYSXOiS9Lr/W+3lF020zyPTsGfea4g=="
    },
    "jspdd-basedata": {
      "version": "1.0.1",
      "resolved": "https://registry.npmjs.org/jspdd-basedata/-/jspdd-basedata-1.0.1.tgz",
      "integrity": "sha512-h79B8rKSMkdqSGCA+pJ5BhHCOF4cRYmddqQfPoE82tV3Ik/Ftxr6MN+HWaJrSRhUDmFn5v8WW8i7IT1KaJh4nA=="
    },
    "jspdd-kind": {
      "version": "1.0.1",
      "resolved": "https://registry.npmjs.org/jspdd-kind/-/jspdd-kind-1.0.1.tgz",
      "integrity": "sha512-UJvGF7vh6nD6MJULE9Nmwj9wr9xMMBtmhtxa/E5O1TLkeDRRuGIISkwyl1DnUOd43fvL1eFdF8PzAU5no+WxUw=="
    },
    "moment": {
      "version": "2.22.2",
      "resolved": "https://registry.npmjs.org/moment/-/moment-2.22.2.tgz",
      "integrity": "sha1-PCV/mDn8DpP/UxSWMiOeuQeD/2Y="
    }
  }
}
